
Microsoft Visual Studio Solution File, Format Version 12.00
# Visual Studio 15
VisualStudioVersion = 15.0.27428.2002
MinimumVisualStudioVersion = 10.0.40219.1
Project("{FAE04EC0-301F-11D3-BF4B-00C04F79EFBC}") = "AM.UI", "src\AM\AM.UI.csproj", "{B9E4D663-D879-42C0-B9BE-126D2B84D467}"
EndProject
Project("{FAE04EC0-301F-11D3-BF4B-00C04F79EFBC}") = "AM.Core", "src\AM.Core\AM.Core.csproj", "{3A09CE83-513F-4402-97BB-6D0A572FDC19}"
EndProject
Project("{FAE04EC0-301F-11D3-BF4B-00C04F79EFBC}") = "AM.Test", "src\AM.Test\AM.Test.csproj", "{56FE3165-1F96-4ADA-978B-D62209949727}"
EndProject
Global
	GlobalSection(SolutionConfigurationPlatforms) = preSolution
		Debug|Any CPU = Debug|Any CPU
		Release|Any CPU = Release|Any CPU
	EndGlobalSection
	GlobalSection(ProjectConfigurationPlatforms) = postSolution
		{B9E4D663-D879-42C0-B9BE-126D2B84D467}.Debug|Any CPU.ActiveCfg = Debug|Any CPU
		{B9E4D663-D879-42C0-B9BE-126D2B84D467}.Debug|Any CPU.Build.0 = Debug|Any CPU
		{B9E4D663-D879-42C0-B9BE-126D2B84D467}.Release|Any CPU.ActiveCfg = Release|Any CPU
		{B9E4D663-D879-42C0-B9BE-126D2B84D467}.Release|Any CPU.Build.0 = Release|Any CPU
		{3A09CE83-513F-4402-97BB-6D0A572FDC19}.Debug|Any CPU.ActiveCfg = Debug|Any CPU
		{3A09CE83-513F-4402-97BB-6D0A572FDC19}.Debug|Any CPU.Build.0 = Debug|Any CPU
		{3A09CE83-513F-4402-97BB-6D0A572FDC19}.Release|Any CPU.ActiveCfg = Release|Any CPU
		{3A09CE83-513F-4402-97BB-6D0A572FDC19}.Release|Any CPU.Build.0 = Release|Any CPU
		{56FE3165-1F96-4ADA-978B-D62209949727}.Debug|Any CPU.ActiveCfg = Debug|Any CPU
		{56FE3165-1F96-4ADA-978B-D62209949727}.Debug|Any CPU.Build.0 = Debug|Any CPU
		{56FE3165-1F96-4ADA-978B-D62209949727}.Release|Any CPU.ActiveCfg = Release|Any CPU
		{56FE3165-1F96-4ADA-978B-D62209949727}.Release|Any CPU.Build.0 = Release|Any CPU
	EndGlobalSection
	GlobalSection(SolutionProperties) = preSolution
		HideSolutionNode = FALSE
	EndGlobalSection
	GlobalSection(ExtensibilityGlobals) = postSolution
		SolutionGuid = {5F6F41CC-17D7-4BF8-9C17-4201E35A69BA}
	EndGlobalSection
EndGlobal
